github.com/acorello/must v0.1.0 h1:0IVQP/YwPwQHzT2T3zkftNlFUAG1mZsmi+4t4W9WVrs=
github.com/acorello/must v0.1.0/go.mod h1:8xzrO2DOexvDmj6oW7l6Lli5mxc6tWauDDara0lbE8E=
github.com/acorello/uttpil v0.0.0-20250619171426-08dffd395489 h1:+mf7ZOAVjkRBNVJIgXhBakYyi0d8T/QtDOM1jow8lP0=
github.com/acorello/uttpil v0.0.0-20250619171426-08dffd395489/go.mod h1:Ecrb1Kl8BmSBA85csBeCAfgHPTcml4MJJIZlFmNq1rI=
github.com/google/uuid v1.6.0 h1:NIvaJDMOsjHA8n1jAhLSgzrAzy1Hgr+hNrb57e+94F0=
github.com/google/uuid v1.6.0/go.mod h1:TIyPZe4MgqvfeYDBFedMoGGpEw/LqOeaOT+nhxU+yHo=
golang.org/x/net v0.37.0 h1:1zLorHbz+LYj7MQlSf1+2tPIIgibq2eL5xkrGk6f+2c=
golang.org/x/net v0.37.0/go.mod h1:ivrbrMbzFq5J41QOQh0siUuly180yBYtLp+CKbEaFx8=
golang.org/x/net v0.41.0 h1:vBTly1HeNPEn3wtREYfy4GZ/NECgw2Cnl+nK6Nz3uvw=
golang.org/x/net v0.41.0/go.mod h1:B/K4NNqkfmg07DQYrbwvSluqCJOOXwUjeb/5lOisjbA=
